<?xml version="1.0" encoding="utf-8"?>
<Project ToolsVersion="4.0" xmlns="http://schemas.microsoft.com/developer/msbuild/2003">
  <ItemGroup>
    <ClCompile Include="deep_face_track_recognition.cpp" />
    <ClCompile Include="..\pytorch_test\memory_map_data.cpp" />
    <ClCompile Include="..\pytorch_test\face_tracker.cpp" />
  </ItemGroup>
  <ItemGroup>
    <ClInclude Include="..\opentrack-tracker-deepface\dft_image_data.h" />
    <ClInclude Include="..\pytorch_test\memory_map_data.h" />
    <ClInclude Include="..\pytorch_test\face_tracker.h" />
  </ItemGroup>
</Project>